// !$*UTF8*$!
{
	archiveVersion = 1;
	classes = {
	};
	objectVersion = 56;
	objects = {

/* Begin PBXBuildFile section */
		18385254299918840079942B /* AppDelegate.swift in Sources */ = {isa = PBXBuildFile; fileRef = 18385253299918840079942B /* AppDelegate.swift */; };
		18385256299918840079942B /* SceneDelegate.swift in Sources */ = {isa = PBXBuildFile; fileRef = 18385255299918840079942B /* SceneDelegate.swift */; };
		1838525B299918840079942B /* Main.storyboard in Resources */ = {isa = PBXBuildFile; fileRef = 18385259299918840079942B /* Main.storyboard */; };
		1838525D2999188C0079942B /* Assets.xcassets in Resources */ = {isa = PBXBuildFile; fileRef = 1838525C2999188C0079942B /* Assets.xcassets */; };
		183852602999188C0079942B /* LaunchScreen.storyboard in Resources */ = {isa = PBXBuildFile; fileRef = 1838525E2999188C0079942B /* LaunchScreen.storyboard */; };
		1838526A29991F260079942B /* LoginViewController.swift in Sources */ = {isa = PBXBuildFile; fileRef = 1838526929991F260079942B /* LoginViewController.swift */; };
		1838526C2999220E0079942B /* User.swift in Sources */ = {isa = PBXBuildFile; fileRef = 1838526B2999220E0079942B /* User.swift */; };
		1838526E299930310079942B /* HomeViewController.swift in Sources */ = {isa = PBXBuildFile; fileRef = 1838526D299930310079942B /* HomeViewController.swift */; };
		183852702999554C0079942B /* MovieTableViewCell.swift in Sources */ = {isa = PBXBuildFile; fileRef = 1838526F2999554C0079942B /* MovieTableViewCell.swift */; };
		18385272299956630079942B /* Movie.swift in Sources */ = {isa = PBXBuildFile; fileRef = 18385271299956630079942B /* Movie.swift */; };
		18385274299992D80079942B /* DetailsViewController.swift in Sources */ = {isa = PBXBuildFile; fileRef = 18385273299992D80079942B /* DetailsViewController.swift */; };
		185AD09E29C2742300C409C5 /* Movies.swift in Sources */ = {isa = PBXBuildFile; fileRef = 185AD09D29C2742300C409C5 /* Movies.swift */; };
/* End PBXBuildFile section */

/* Begin PBXFileReference section */
		18385250299918840079942B /* NETFLIX2.app */ = {isa = PBXFileReference; explicitFileType = wrapper.application; includeInIndex = 0; path = NETFLIX2.app; sourceTree = BUILT_PRODUCTS_DIR; };
		18385253299918840079942B /* AppDelegate.swift */ = {isa = PBXFileReference; lastKnownFileType = sourcecode.swift; path = AppDelegate.swift; sourceTree = "<group>"; };
		18385255299918840079942B /* SceneDelegate.swift */ = {isa = PBXFileReference; lastKnownFileType = sourcecode.swift; path = SceneDelegate.swift; sourceTree = "<group>"; };
		1838525A299918840079942B /* Base */ = {isa = PBXFileReference; lastKnownFileType = file.storyboard; name = Base; path = Base.lproj/Main.storyboard; sourceTree = "<group>"; };
		1838525C2999188C0079942B /* Assets.xcassets */ = {isa = PBXFileReference; lastKnownFileType = folder.assetcatalog; path = Assets.xcassets; sourceTree = "<group>"; };
		1838525F2999188C0079942B /* Base */ = {isa = PBXFileReference; lastKnownFileType = file.storyboard; name = Base; path = Base.lproj/LaunchScreen.storyboard; sourceTree = "<group>"; };
		183852612999188C0079942B /* Info.plist */ = {isa = PBXFileReference; lastKnownFileType = text.plist.xml; path = Info.plist; sourceTree = "<group>"; };
		1838526929991F260079942B /* LoginViewController.swift */ = {isa = PBXFileReference; lastKnownFileType = sourcecode.swift; path = LoginViewController.swift; sourceTree = "<group>"; };
		1838526B2999220E0079942B /* User.swift */ = {isa = PBXFileReference; lastKnownFileType = sourcecode.swift; path = User.swift; sourceTree = "<group>"; };
		1838526D299930310079942B /* HomeViewController.swift */ = {isa = PBXFileReference; lastKnownFileType = sourcecode.swift; path = HomeViewController.swift; sourceTree = "<group>"; };
		1838526F2999554C0079942B /* MovieTableViewCell.swift */ = {isa = PBXFileReference; lastKnownFileType = sourcecode.swift; path = MovieTableViewCell.swift; sourceTree = "<group>"; };
		18385271299956630079942B /* Movie.swift */ = {isa = PBXFileReference; lastKnownFileType = sourcecode.swift; path = Movie.swift; sourceTree = "<group>"; };
		18385273299992D80079942B /* DetailsViewController.swift */ = {isa = PBXFileReference; lastKnownFileType = sourcecode.swift; path = DetailsViewController.swift; sourceTree = "<group>"; };
		185AD09D29C2742300C409C5 /* Movies.swift */ = {isa = PBXFileReference; lastKnownFileType = sourcecode.swift; path = Movies.swift; sourceTree = "<group>"; };
/* End PBXFileReference section */

/* Begin PBXFrameworksBuildPhase section */
		1838524D299918840079942B /* Frameworks */ = {
			isa = PBXFrameworksBuildPhase;
			buildActionMask = 2147483647;
			files = (
			);
			runOnlyForDeploymentPostprocessing = 0;
		};
/* End PBXFrameworksBuildPhase section */

/* Begin PBXGroup section */
		18385247299918840079942B = {
			isa = PBXGroup;
			children = (
				18385252299918840079942B /* NETFLIX2 */,
				18385251299918840079942B /* Products */,
			);
			sourceTree = "<group>";
		};
		18385251299918840079942B /* Products */ = {
			isa = PBXGroup;
			children = (
				18385250299918840079942B /* NETFLIX2.app */,
			);
			name = Products;
			sourceTree = "<group>";
		};
		18385252299918840079942B /* NETFLIX2 */ = {
			isa = PBXGroup;
			children = (
				185AD09F29C276E800C409C5 /* view */,
				18385268299918E90079942B /* Controller */,
				18385267299918E00079942B /* Model */,
				18385253299918840079942B /* AppDelegate.swift */,
				18385255299918840079942B /* SceneDelegate.swift */,
				1838525C2999188C0079942B /* Assets.xcassets */,
				1838525E2999188C0079942B /* LaunchScreen.storyboard */,
				183852612999188C0079942B /* Info.plist */,
			);
			path = NETFLIX2;
			sourceTree = "<group>";
		};
		18385267299918E00079942B /* Model */ = {
			isa = PBXGroup;
			children = (
				1838526B2999220E0079942B /* User.swift */,
				18385271299956630079942B /* Movie.swift */,
				185AD09D29C2742300C409C5 /* Movies.swift */,
			);
			path = Model;
			sourceTree = "<group>";
		};
		18385268299918E90079942B /* Controller */ = {
			isa = PBXGroup;
			children = (
				1838526929991F260079942B /* LoginViewController.swift */,
				1838526D299930310079942B /* HomeViewController.swift */,
				18385273299992D80079942B /* DetailsViewController.swift */,
				1838526F2999554C0079942B /* MovieTableViewCell.swift */,
			);
			path = Controller;
			sourceTree = "<group>";
		};
		185AD09F29C276E800C409C5 /* view */ = {
			isa = PBXGroup;
			children = (
				18385259299918840079942B /* Main.storyboard */,
			);
			path = view;
			sourceTree = "<group>";
		};
/* End PBXGroup section */

/* Begin PBXNativeTarget section */
		1838524F299918840079942B /* NETFLIX2 */ = {
			isa = PBXNativeTarget;
			buildConfigurationList = 183852642999188C0079942B /* Build configuration list for PBXNativeTarget "NETFLIX2" */;
			buildPhases = (
				1838524C299918840079942B /* Sources */,
				1838524D299918840079942B /* Frameworks */,
				1838524E299918840079942B /* Resources */,
			);
			buildRules = (
			);
			dependencies = (
			);
			name = NETFLIX2;
			productName = NETFLIX2;
			productReference = 18385250299918840079942B /* NETFLIX2.app */;
			productType = "com.apple.product-type.application";
		};
/* End PBXNativeTarget section */

/* Begin PBXProject section */
		18385248299918840079942B /* Project object */ = {
			isa = PBXProject;
			attributes = {
				BuildIndependentTargetsInParallel = 1;
				LastSwiftUpdateCheck = 1400;
				LastUpgradeCheck = 1400;
				TargetAttributes = {
					1838524F299918840079942B = {
						CreatedOnToolsVersion = 14.0.1;
					};
				};
			};
			buildConfigurationList = 1838524B299918840079942B /* Build configuration list for PBXProject "NETFLIX2" */;
			compatibilityVersion = "Xcode 14.0";
			developmentRegion = en;
			hasScannedForEncodings = 0;
			knownRegions = (
				en,
				Base,
			);
			mainGroup = 18385247299918840079942B;
			productRefGroup = 18385251299918840079942B /* Products */;
			projectDirPath = "";
			projectRoot = "";
			targets = (
				1838524F299918840079942B /* NETFLIX2 */,
			);
		};
/* End PBXProject section */

/* Begin PBXResourcesBuildPhase section */
		1838524E299918840079942B /* Resources */ = {
			isa = PBXResourcesBuildPhase;
			buildActionMask = 2147483647;
			files = (
				183852602999188C0079942B /* LaunchScreen.storyboard in Resources */,
				1838525D2999188C0079942B /* Assets.xcassets in Resources */,
				1838525B299918840079942B /* Main.storyboard in Resources */,
			);
			runOnlyForDeploymentPostprocessing = 0;
		};
/* End PBXResourcesBuildPhase section */

/* Begin PBXSourcesBuildPhase section */
		1838524C299918840079942B /* Sources */ = {
			isa = PBXSourcesBuildPhase;
			buildActionMask = 2147483647;
			files = (
				18385272299956630079942B /* Movie.swift in Sources */,
				1838526E299930310079942B /* HomeViewController.swift in Sources */,
				1838526C2999220E0079942B /* User.swift in Sources */,
				18385274299992D80079942B /* DetailsViewController.swift in Sources */,
				183852702999554C0079942B /* MovieTableViewCell.swift in Sources */,
				185AD09E29C2742300C409C5 /* Movies.swift in Sources */,
				1838526A29991F260079942B /* LoginViewController.swift in Sources */,
				18385254299918840079942B /* AppDelegate.swift in Sources */,
				18385256299918840079942B /* SceneDelegate.swift in Sources */,
			);
			runOnlyForDeploymentPostprocessing = 0;
		};
/* End PBXSourcesBuildPhase section */

/* Begin PBXVariantGroup section */
		18385259299918840079942B /* Main.storyboard */ = {
			isa = PBXVariantGroup;
			children = (
				1838525A299918840079942B /* Base */,
			);
			name = Main.storyboard;
			sourceTree = "<group>";
		};
		1838525E2999188C0079942B /* LaunchScreen.storyboard */ = {
			isa = PBXVariantGroup;
			children = (
				1838525F2999188C0079942B /* Base */,
			);
			name = LaunchScreen.storyboard;
			sourceTree = "<group>";
		};
/* End PBXVariantGroup section */

/* Begin XCBuildConfiguration section */
		183852622999188C0079942B /* Debug */ = {
			isa = XCBuildConfiguration;
			buildSettings = {
				ALWAYS_SEARCH_USER_PATHS = NO;
				CLANG_ANALYZER_NONNULL = YES;
				CLANG_ANALYZER_NUMBER_OBJECT_CONVERSION = YES_AGGRESSIVE;
				CLANG_CXX_LANGUAGE_STANDARD = "gnu++20";
				CLANG_ENABLE_MODULES = YES;
				CLANG_ENABLE_OBJC_ARC = YES;
				CLANG_ENABLE_OBJC_WEAK = YES;
				CLANG_WARN_BLOCK_CAPTURE_AUTORELEASING = YES;
				CLANG_WARN_BOOL_CONVERSION = YES;
				CLANG_WARN_COMMA = YES;
				CLANG_WARN_CONSTANT_CONVERSION = YES;
				CLANG_WARN_DEPRECATED_OBJC_IMPLEMENTATIONS = YES;
				CLANG_WARN_DIRECT_OBJC_ISA_USAGE = YES_ERROR;
				CLANG_WARN_DOCUMENTATION_COMMENTS = YES;
				CLANG_WARN_EMPTY_BODY = YES;
				CLANG_WARN_ENUM_CONVERSION = YES;
				CLANG_WARN_INFINITE_RECURSION = YES;
				CLANG_WARN_INT_CONVERSION = YES;
				CLANG_WARN_NON_LITERAL_NULL_CONVERSION = YES;
				CLANG_WARN_OBJC_IMPLICIT_RETAIN_SELF = YES;
				CLANG_WARN_OBJC_LITERAL_CONVERSION = YES;
				CLANG_WARN_OBJC_ROOT_CLASS = YES_ERROR;
				CLANG_WARN_QUOTED_INCLUDE_IN_FRAMEWORK_HEADER = YES;
				CLANG_WARN_RANGE_LOOP_ANALYSIS = YES;
				CLANG_WARN_STRICT_PROTOTYPES = YES;
				CLANG_WARN_SUSPICIOUS_MOVE = YES;
				CLANG_WARN_UNGUARDED_AVAILABILITY = YES_AGGRESSIVE;
				CLANG_WARN_UNREACHABLE_CODE = YES;
				CLANG_WARN__DUPLICATE_METHOD_MATCH = YES;
				COPY_PHASE_STRIP = NO;
				DEBUG_INFORMATION_FORMAT = dwarf;
				ENABLE_STRICT_OBJC_MSGSEND = YES;
				ENABLE_TESTABILITY = YES;
				GCC_C_LANGUAGE_STANDARD = gnu11;
				GCC_DYNAMIC_NO_PIC = NO;
				GCC_NO_COMMON_BLOCKS = YES;
				GCC_OPTIMIZATION_LEVEL = 0;
				GCC_PREPROCESSOR_DEFINITIONS = (
					"DEBUG=1",
					"$(inherited)",
				);
				GCC_WARN_64_TO_32_BIT_CONVERSION = YES;
				GCC_WARN_ABOUT_RETURN_TYPE = YES_ERROR;
				GCC_WARN_UNDECLARED_SELECTOR = YES;
				GCC_WARN_UNINITIALIZED_AUTOS = YES_AGGRESSIVE;
				GCC_WARN_UNUSED_FUNCTION = YES;
				GCC_WARN_UNUSED_VARIABLE = YES;
				IPHONEOS_DEPLOYMENT_TARGET = 16.0;
				MTL_ENABLE_DEBUG_INFO = INCLUDE_SOURCE;
				MTL_FAST_MATH = YES;
				ONLY_ACTIVE_ARCH = YES;
				SDKROOT = iphoneos;
				SWIFT_ACTIVE_COMPILATION_CONDITIONS = DEBUG;
				SWIFT_OPTIMIZATION_LEVEL = "-Onone";
			};
			name = Debug;
		};
		183852632999188C0079942B /* Release */ = {
			isa = XCBuildConfiguration;
			buildSettings = {
				ALWAYS_SEARCH_USER_PATHS = NO;
				CLANG_ANALYZER_NONNULL = YES;
				CLANG_ANALYZER_NUMBER_OBJECT_CONVERSION = YES_AGGRESSIVE;
				CLANG_CXX_LANGUAGE_STANDARD = "gnu++20";
				CLANG_ENABLE_MODULES = YES;
				CLANG_ENABLE_OBJC_ARC = YES;
				CLANG_ENABLE_OBJC_WEAK = YES;
				CLANG_WARN_BLOCK_CAPTURE_AUTORELEASING = YES;
				CLANG_WARN_BOOL_CONVERSION = YES;
				CLANG_WARN_COMMA = YES;
				CLANG_WARN_CONSTANT_CONVERSION = YES;
				CLANG_WARN_DEPRECATED_OBJC_IMPLEMENTATIONS = YES;
				CLANG_WARN_DIRECT_OBJC_ISA_USAGE = YES_ERROR;
				CLANG_WARN_DOCUMENTATION_COMMENTS = YES;
				CLANG_WARN_EMPTY_BODY = YES;
				CLANG_WARN_ENUM_CONVERSION = YES;
				CLANG_WARN_INFINITE_RECURSION = YES;
				CLANG_WARN_INT_CONVERSION = YES;
				CLANG_WARN_NON_LITERAL_NULL_CONVERSION = YES;
				CLANG_WARN_OBJC_IMPLICIT_RETAIN_SELF = YES;
				CLANG_WARN_OBJC_LITERAL_CONVERSION = YES;
				CLANG_WARN_OBJC_ROOT_CLASS = YES_ERROR;
				CLANG_WARN_QUOTED_INCLUDE_IN_FRAMEWORK_HEADER = YES;
				CLANG_WARN_RANGE_LOOP_ANALYSIS = YES;
				CLANG_WARN_STRICT_PROTOTYPES = YES;
				CLANG_WARN_SUSPICIOUS_MOVE = YES;
				CLANG_WARN_UNGUARDED_AVAILABILITY = YES_AGGRESSIVE;
				CLANG_WARN_UNREACHABLE_CODE = YES;
				CLANG_WARN__DUPLICATE_METHOD_MATCH = YES;
				COPY_PHASE_STRIP = NO;
				DEBUG_INFORMATION_FORMAT = "dwarf-with-dsym";
				ENABLE_NS_ASSERTIONS = NO;
				ENABLE_STRICT_OBJC_MSGSEND = YES;
				GCC_C_LANGUAGE_STANDARD = gnu11;
				GCC_NO_COMMON_BLOCKS = YES;
				GCC_WARN_64_TO_32_BIT_CONVERSION = YES;
				GCC_WARN_ABOUT_RETURN_TYPE = YES_ERROR;
				GCC_WARN_UNDECLARED_SELECTOR = YES;
				GCC_WARN_UNINITIALIZED_AUTOS = YES_AGGRESSIVE;
				GCC_WARN_UNUSED_FUNCTION = YES;
				GCC_WARN_UNUSED_VARIABLE = YES;
				IPHONEOS_DEPLOYMENT_TARGET = 16.0;
				MTL_ENABLE_DEBUG_INFO = NO;
				MTL_FAST_MATH = YES;
				SDKROOT = iphoneos;
				SWIFT_COMPILATION_MODE = wholemodule;
				SWIFT_OPTIMIZATION_LEVEL = "-O";
				VALIDATE_PRODUCT = YES;
			};
			name = Release;
		};
		183852652999188C0079942B /* Debug */ = {
			isa = XCBuildConfiguration;
			buildSettings = {
				ASSETCATALOG_COMPILER_APPICON_NAME = AppIcon;
				ASSETCATALOG_COMPILER_GLOBAL_ACCENT_COLOR_NAME = AccentColor;
				CODE_SIGN_STYLE = Automatic;
				CURRENT_PROJECT_VERSION = 1;
				GENERATE_INFOPLIST_FILE = YES;
				INFOPLIST_FILE = NETFLIX2/Info.plist;
				INFOPLIST_KEY_UIApplicationSupportsIndirectInputEvents = YES;
				INFOPLIST_KEY_UILaunchStoryboardName = LaunchScreen;
				INFOPLIST_KEY_UIMainStoryboardFile = Main;
				INFOPLIST_KEY_UISupportedInterfaceOrientations_iPad = "UIInterfaceOrientationPortrait UIInterfaceOrientationPortraitUpsideDown UIInterfaceOrientationLandscapeLeft UIInterfaceOrientationLandscapeRight";
				INFOPLIST_KEY_UISupportedInterfaceOrientations_iPhone = "UIInterfaceOrientationPortrait UIInterfaceOrientationLandscapeLeft UIInterfaceOrientationLandscapeRight";
				IPHONEOS_DEPLOYMENT_TARGET = 15.5;
				LD_RUNPATH_SEARCH_PATHS = (
					"$(inherited)",
					"@executable_path/Frameworks",
				);
				MARKETING_VERSION = 1.0;
				PRODUCT_BUNDLE_IDENTIFIER = com.ifts.NETFLIX2;
				PRODUCT_NAME = "$(TARGET_NAME)";
				SUPPORTED_PLATFORMS = "iphoneos iphonesimulator";
				SUPPORTS_MACCATALYST = NO;
				SUPPORTS_MAC_DESIGNED_FOR_IPHONE_IPAD = NO;
				SWIFT_EMIT_LOC_STRINGS = YES;
				SWIFT_VERSION = 5.0;
				TARGETED_DEVICE_FAMILY = "1,2";
			};
			name = Debug;
		};
		183852662999188C0079942B /* Release */ = {
			isa = XCBuildConfiguration;
			buildSettings = {
				ASSETCATALOG_COMPILER_APPICON_NAME = AppIcon;
				ASSETCATALOG_COMPILER_GLOBAL_ACCENT_COLOR_NAME = AccentColor;
				CODE_SIGN_STYLE = Automatic;
				CURRENT_PROJECT_VERSION = 1;
				GENERATE_INFOPLIST_FILE = YES;
				INFOPLIST_FILE = NETFLIX2/Info.plist;
				INFOPLIST_KEY_UIApplicationSupportsIndirectInputEvents = YES;
				INFOPLIST_KEY_UILaunchStoryboardName = LaunchScreen;
				INFOPLIST_KEY_UIMainStoryboardFile = Main;
				INFOPLIST_KEY_UISupportedInterfaceOrientations_iPad = "UIInterfaceOrientationPortrait UIInterfaceOrientationPortraitUpsideDown UIInterfaceOrientationLandscapeLeft UIInterfaceOrientationLandscapeRight";
				INFOPLIST_KEY_UISupportedInterfaceOrientations_iPhone = "UIInterfaceOrientationPortrait UIInterfaceOrientationLandscapeLeft UIInterfaceOrientationLandscapeRight";
				IPHONEOS_DEPLOYMENT_TARGET = 15.5;
				LD_RUNPATH_SEARCH_PATHS = (
					"$(inherited)",
					"@executable_path/Frameworks",
				);
				MARKETING_VERSION = 1.0;
				PRODUCT_BUNDLE_IDENTIFIER = com.ifts.NETFLIX2;
				PRODUCT_NAME = "$(TARGET_NAME)";
				SUPPORTED_PLATFORMS = "iphoneos iphonesimulator";
				SUPPORTS_MACCATALYST = NO;
				SUPPORTS_MAC_DESIGNED_FOR_IPHONE_IPAD = NO;
				SWIFT_EMIT_LOC_STRINGS = YES;
				SWIFT_VERSION = 5.0;
				TARGETED_DEVICE_FAMILY = "1,2";
			};
			name = Release;
		};
/* End XCBuildConfiguration section */

/* Begin XCConfigurationList section */
		1838524B299918840079942B /* Build configuration list for PBXProject "NETFLIX2" */ = {
			isa = XCConfigurationList;
			buildConfigurations = (
				183852622999188C0079942B /* Debug */,
				183852632999188C0079942B /* Release */,
			);
			defaultConfigurationIsVisible = 0;
			defaultConfigurationName = Release;
		};
		183852642999188C0079942B /* Build configuration list for PBXNativeTarget "NETFLIX2" */ = {
			isa = XCConfigurationList;
			buildConfigurations = (
				183852652999188C0079942B /* Debug */,
				183852662999188C0079942B /* Release */,
			);
			defaultConfigurationIsVisible = 0;
			defaultConfigurationName = Release;
		};
/* End XCConfigurationList section */
	};
	rootObject = 18385248299918840079942B /* Project object */;
}
